
Microsoft Visual Studio Solution File, Format Version 12.00
# Visual Studio Version 16
VisualStudioVersion = 16.0.30225.117
MinimumVisualStudioVersion = 10.0.40219.1
Project("{9A19103F-16F7-4668-BE54-9A1E7A4F7556}") = "OnlineShop", "OnlineShop\OnlineShop.csproj", "{C5601EC4-7878-4711-81F3-A4EC6D0A02D9}"
EndProject
Project("{2150E333-8FDC-42A3-9474-1A3956D46DE8}") = "BusinessLayer", "BusinessLayer", "{8A405EEE-AAD9-4F7E-9212-B6B879B0F157}"
EndProject
Project("{9A19103F-16F7-4668-BE54-9A1E7A4F7556}") = "Entities", "Entities\Entities.csproj", "{E3D085A3-C9A1-4126-A7A9-1920F2C1F78A}"
EndProject
Project("{2150E333-8FDC-42A3-9474-1A3956D46DE8}") = "DataLayer", "DataLayer", "{08E3F91F-A42D-4D70-AA2D-10A707FE568A}"
EndProject
Project("{9A19103F-16F7-4668-BE54-9A1E7A4F7556}") = "Services", "Services\Services.csproj", "{D01F784E-7001-4CF1-8387-AE34E1BEC3E9}"
EndProject
Project("{FAE04EC0-301F-11D3-BF4B-00C04F79EFBC}") = "Entities.Abstraction", "Entities.Abstraction\Entities.Abstraction.csproj", "{5750B1EE-125F-40A4-82EA-4F249273D02F}"
EndProject
Project("{FAE04EC0-301F-11D3-BF4B-00C04F79EFBC}") = "Services.Abstraction", "Services.Abstraction\Services.Abstraction.csproj", "{810EA081-67A9-40F9-BE2B-35DD14841268}"
EndProject
Project("{FAE04EC0-301F-11D3-BF4B-00C04F79EFBC}") = "Data.Repositories", "Data.Repositories\Data.Repositories.csproj", "{EA00AEF0-DCC5-462B-87ED-1D03C2E07E7A}"
EndProject
Project("{FAE04EC0-301F-11D3-BF4B-00C04F79EFBC}") = "Data.Access", "Data.Access\Data.Access.csproj", "{F41B0C71-DA8E-4305-B2F8-2ACA69526828}"
EndProject
Project("{FAE04EC0-301F-11D3-BF4B-00C04F79EFBC}") = "Data.EntityMapping", "Data.EntityMapping\Data.EntityMapping.csproj", "{EA995586-6152-487B-9087-151DB7299ACD}"
EndProject
Project("{FAE04EC0-301F-11D3-BF4B-00C04F79EFBC}") = "Data.Repositories.Abstraction", "Data.Repositories.Abstraction\Data.Repositories.Abstraction.csproj", "{D1883B7E-EDEE-4CBB-9A87-0978ACAF8187}"
EndProject
Global
	GlobalSection(SolutionConfigurationPlatforms) = preSolution
		Debug|Any CPU = Debug|Any CPU
		Release|Any CPU = Release|Any CPU
	EndGlobalSection
	GlobalSection(ProjectConfigurationPlatforms) = postSolution
		{C5601EC4-7878-4711-81F3-A4EC6D0A02D9}.Debug|Any CPU.ActiveCfg = Debug|Any CPU
		{C5601EC4-7878-4711-81F3-A4EC6D0A02D9}.Debug|Any CPU.Build.0 = Debug|Any CPU
		{C5601EC4-7878-4711-81F3-A4EC6D0A02D9}.Release|Any CPU.ActiveCfg = Release|Any CPU
		{C5601EC4-7878-4711-81F3-A4EC6D0A02D9}.Release|Any CPU.Build.0 = Release|Any CPU
		{E3D085A3-C9A1-4126-A7A9-1920F2C1F78A}.Debug|Any CPU.ActiveCfg = Debug|Any CPU
		{E3D085A3-C9A1-4126-A7A9-1920F2C1F78A}.Debug|Any CPU.Build.0 = Debug|Any CPU
		{E3D085A3-C9A1-4126-A7A9-1920F2C1F78A}.Release|Any CPU.ActiveCfg = Release|Any CPU
		{E3D085A3-C9A1-4126-A7A9-1920F2C1F78A}.Release|Any CPU.Build.0 = Release|Any CPU
		{D01F784E-7001-4CF1-8387-AE34E1BEC3E9}.Debug|Any CPU.ActiveCfg = Debug|Any CPU
		{D01F784E-7001-4CF1-8387-AE34E1BEC3E9}.Debug|Any CPU.Build.0 = Debug|Any CPU
		{D01F784E-7001-4CF1-8387-AE34E1BEC3E9}.Release|Any CPU.ActiveCfg = Release|Any CPU
		{D01F784E-7001-4CF1-8387-AE34E1BEC3E9}.Release|Any CPU.Build.0 = Release|Any CPU
		{5750B1EE-125F-40A4-82EA-4F249273D02F}.Debug|Any CPU.ActiveCfg = Debug|Any CPU
		{5750B1EE-125F-40A4-82EA-4F249273D02F}.Debug|Any CPU.Build.0 = Debug|Any CPU
		{5750B1EE-125F-40A4-82EA-4F249273D02F}.Release|Any CPU.ActiveCfg = Release|Any CPU
		{5750B1EE-125F-40A4-82EA-4F249273D02F}.Release|Any CPU.Build.0 = Release|Any CPU
		{810EA081-67A9-40F9-BE2B-35DD14841268}.Debug|Any CPU.ActiveCfg = Debug|Any CPU
		{810EA081-67A9-40F9-BE2B-35DD14841268}.Debug|Any CPU.Build.0 = Debug|Any CPU
		{810EA081-67A9-40F9-BE2B-35DD14841268}.Release|Any CPU.ActiveCfg = Release|Any CPU
		{810EA081-67A9-40F9-BE2B-35DD14841268}.Release|Any CPU.Build.0 = Release|Any CPU
		{EA00AEF0-DCC5-462B-87ED-1D03C2E07E7A}.Debug|Any CPU.ActiveCfg = Debug|Any CPU
		{EA00AEF0-DCC5-462B-87ED-1D03C2E07E7A}.Debug|Any CPU.Build.0 = Debug|Any CPU
		{EA00AEF0-DCC5-462B-87ED-1D03C2E07E7A}.Release|Any CPU.ActiveCfg = Release|Any CPU
		{EA00AEF0-DCC5-462B-87ED-1D03C2E07E7A}.Release|Any CPU.Build.0 = Release|Any CPU
		{F41B0C71-DA8E-4305-B2F8-2ACA69526828}.Debug|Any CPU.ActiveCfg = Debug|Any CPU
		{F41B0C71-DA8E-4305-B2F8-2ACA69526828}.Debug|Any CPU.Build.0 = Debug|Any CPU
		{F41B0C71-DA8E-4305-B2F8-2ACA69526828}.Release|Any CPU.ActiveCfg = Release|Any CPU
		{F41B0C71-DA8E-4305-B2F8-2ACA69526828}.Release|Any CPU.Build.0 = Release|Any CPU
		{EA995586-6152-487B-9087-151DB7299ACD}.Debug|Any CPU.ActiveCfg = Debug|Any CPU
		{EA995586-6152-487B-9087-151DB7299ACD}.Debug|Any CPU.Build.0 = Debug|Any CPU
		{EA995586-6152-487B-9087-151DB7299ACD}.Release|Any CPU.ActiveCfg = Release|Any CPU
		{EA995586-6152-487B-9087-151DB7299ACD}.Release|Any CPU.Build.0 = Release|Any CPU
		{D1883B7E-EDEE-4CBB-9A87-0978ACAF8187}.Debug|Any CPU.ActiveCfg = Debug|Any CPU
		{D1883B7E-EDEE-4CBB-9A87-0978ACAF8187}.Debug|Any CPU.Build.0 = Debug|Any CPU
		{D1883B7E-EDEE-4CBB-9A87-0978ACAF8187}.Release|Any CPU.ActiveCfg = Release|Any CPU
		{D1883B7E-EDEE-4CBB-9A87-0978ACAF8187}.Release|Any CPU.Build.0 = Release|Any CPU
	EndGlobalSection
	GlobalSection(SolutionProperties) = preSolution
		HideSolutionNode = FALSE
	EndGlobalSection
	GlobalSection(NestedProjects) = preSolution
		{E3D085A3-C9A1-4126-A7A9-1920F2C1F78A} = {8A405EEE-AAD9-4F7E-9212-B6B879B0F157}
		{D01F784E-7001-4CF1-8387-AE34E1BEC3E9} = {8A405EEE-AAD9-4F7E-9212-B6B879B0F157}
		{5750B1EE-125F-40A4-82EA-4F249273D02F} = {8A405EEE-AAD9-4F7E-9212-B6B879B0F157}
		{810EA081-67A9-40F9-BE2B-35DD14841268} = {8A405EEE-AAD9-4F7E-9212-B6B879B0F157}
		{EA00AEF0-DCC5-462B-87ED-1D03C2E07E7A} = {08E3F91F-A42D-4D70-AA2D-10A707FE568A}
		{F41B0C71-DA8E-4305-B2F8-2ACA69526828} = {08E3F91F-A42D-4D70-AA2D-10A707FE568A}
		{EA995586-6152-487B-9087-151DB7299ACD} = {08E3F91F-A42D-4D70-AA2D-10A707FE568A}
		{D1883B7E-EDEE-4CBB-9A87-0978ACAF8187} = {08E3F91F-A42D-4D70-AA2D-10A707FE568A}
	EndGlobalSection
	GlobalSection(ExtensibilityGlobals) = postSolution
		SolutionGuid = {865956CD-C470-4455-B7F8-32F71DA362C1}
	EndGlobalSection
EndGlobal
